
Microsoft Visual Studio Solution File, Format Version 12.00
# Visual Studio Version 17
VisualStudioVersion = 17.7.34031.279
MinimumVisualStudioVersion = 10.0.40219.1
Project("{9A19103F-16F7-4668-BE54-9A1E7A4F7556}") = "ProductManagementAPI", "ProductManagementAPI\ProductManagementAPI.csproj", "{370AC764-15E3-477A-84BA-B7F522650A54}"
EndProject
Project("{FAE04EC0-301F-11D3-BF4B-00C04F79EFBC}") = "ProdManagementAPI.Tests", "ProdManagementAPI.Tests\ProdManagementAPI.Tests.csproj", "{9084EC43-5F12-4EF4-89BB-9AD6AE9A896A}"
EndProject
Global
	GlobalSection(SolutionConfigurationPlatforms) = preSolution
		Debug|Any CPU = Debug|Any CPU
		Release|Any CPU = Release|Any CPU
	EndGlobalSection
	GlobalSection(ProjectConfigurationPlatforms) = postSolution
		{370AC764-15E3-477A-84BA-B7F522650A54}.Debug|Any CPU.ActiveCfg = Debug|Any CPU
		{370AC764-15E3-477A-84BA-B7F522650A54}.Debug|Any CPU.Build.0 = Debug|Any CPU
		{370AC764-15E3-477A-84BA-B7F522650A54}.Release|Any CPU.ActiveCfg = Release|Any CPU
		{370AC764-15E3-477A-84BA-B7F522650A54}.Release|Any CPU.Build.0 = Release|Any CPU
		{9084EC43-5F12-4EF4-89BB-9AD6AE9A896A}.Debug|Any CPU.ActiveCfg = Debug|Any CPU
		{9084EC43-5F12-4EF4-89BB-9AD6AE9A896A}.Debug|Any CPU.Build.0 = Debug|Any CPU
		{9084EC43-5F12-4EF4-89BB-9AD6AE9A896A}.Release|Any CPU.ActiveCfg = Release|Any CPU
		{9084EC43-5F12-4EF4-89BB-9AD6AE9A896A}.Release|Any CPU.Build.0 = Release|Any CPU
	EndGlobalSection
	GlobalSection(SolutionProperties) = preSolution
		HideSolutionNode = FALSE
	EndGlobalSection
	GlobalSection(ExtensibilityGlobals) = postSolution
		SolutionGuid = {4C82089F-D790-45B6-9A5C-8921D463EB48}
	EndGlobalSection
EndGlobal
